
Microsoft Visual Studio Solution File, Format Version 12.00
# Visual Studio 14
VisualStudioVersion = 14.0.25123.0
MinimumVisualStudioVersion = 10.0.40219.1
Project("{FAE04EC0-301F-11D3-BF4B-00C04F79EFBC}") = "Singste_App.Droid", "Singste App\Singste_App.Droid\Singste_App.Droid.csproj", "{DEF68588-8C1F-414B-987B-D5849E7BFF1A}"
EndProject
Project("{FAE04EC0-301F-11D3-BF4B-00C04F79EFBC}") = "Singste_App.iOS", "Singste App\Singste_App.iOS\Singste_App.iOS.csproj", "{5C399078-CFDA-49B9-8E9D-A3B88C429C75}"
EndProject
Project("{FAE04EC0-301F-11D3-BF4B-00C04F79EFBC}") = "Singste_App.WinPhone", "Singste App\Singste_App.WinPhone\Singste_App.WinPhone.csproj", "{F2901334-E8E9-4B86-9D6F-A911052D8ADB}"
EndProject
Project("{FAE04EC0-301F-11D3-BF4B-00C04F79EFBC}") = "Singste_App", "Singste App\Singste_App\Singste_App.csproj", "{96055BA5-B2AE-49A3-94DA-2AD87C1CADBE}"
EndProject
Project("{2150E333-8FDC-42A3-9474-1A3956D46DE8}") = "Solution Items", "Solution Items", "{7F7FAAA4-6BD3-4F0F-9F88-25892BD4AC18}"
	ProjectSection(SolutionItems) = preProject
		..\README.md = ..\README.md
	EndProjectSection
EndProject
Global
	GlobalSection(SolutionConfigurationPlatforms) = preSolution
		AppStore|Any CPU = AppStore|Any CPU
		AppStore|ARM = AppStore|ARM
		AppStore|iPhone = AppStore|iPhone
		AppStore|iPhoneSimulator = AppStore|iPhoneSimulator
		AppStore|x86 = AppStore|x86
		Debug|Any CPU = Debug|Any CPU
		Debug|ARM = Debug|ARM
		Debug|iPhone = Debug|iPhone
		Debug|iPhoneSimulator = Debug|iPhoneSimulator
		Debug|x86 = Debug|x86
		Release|Any CPU = Release|Any CPU
		Release|ARM = Release|ARM
		Release|iPhone = Release|iPhone
		Release|iPhoneSimulator = Release|iPhoneSimulator
		Release|x86 = Release|x86
	EndGlobalSection
	GlobalSection(ProjectConfigurationPlatforms) = postSolution
		{DEF68588-8C1F-414B-987B-D5849E7BFF1A}.AppStore|Any CPU.ActiveCfg = Release|Any CPU
		{DEF68588-8C1F-414B-987B-D5849E7BFF1A}.AppStore|Any CPU.Build.0 = Release|Any CPU
		{DEF68588-8C1F-414B-987B-D5849E7BFF1A}.AppStore|Any CPU.Deploy.0 = Release|Any CPU
		{DEF68588-8C1F-414B-987B-D5849E7BFF1A}.AppStore|ARM.ActiveCfg = Release|Any CPU
		{DEF68588-8C1F-414B-987B-D5849E7BFF1A}.AppStore|ARM.Build.0 = Release|Any CPU
		{DEF68588-8C1F-414B-987B-D5849E7BFF1A}.AppStore|ARM.Deploy.0 = Release|Any CPU
		{DEF68588-8C1F-414B-987B-D5849E7BFF1A}.AppStore|iPhone.ActiveCfg = Release|Any CPU
		{DEF68588-8C1F-414B-987B-D5849E7BFF1A}.AppStore|iPhone.Build.0 = Release|Any CPU
		{DEF68588-8C1F-414B-987B-D5849E7BFF1A}.AppStore|iPhone.Deploy.0 = Release|Any CPU
		{DEF68588-8C1F-414B-987B-D5849E7BFF1A}.AppStore|iPhoneSimulator.ActiveCfg = Release|Any CPU
		{DEF68588-8C1F-414B-987B-D5849E7BFF1A}.AppStore|iPhoneSimulator.Build.0 = Release|Any CPU
		{DEF68588-8C1F-414B-987B-D5849E7BFF1A}.AppStore|iPhoneSimulator.Deploy.0 = Release|Any CPU
		{DEF68588-8C1F-414B-987B-D5849E7BFF1A}.AppStore|x86.ActiveCfg = Release|Any CPU
		{DEF68588-8C1F-414B-987B-D5849E7BFF1A}.AppStore|x86.Build.0 = Release|Any CPU
		{DEF68588-8C1F-414B-987B-D5849E7BFF1A}.AppStore|x86.Deploy.0 = Release|Any CPU
		{DEF68588-8C1F-414B-987B-D5849E7BFF1A}.Debug|Any CPU.ActiveCfg = Debug|Any CPU
		{DEF68588-8C1F-414B-987B-D5849E7BFF1A}.Debug|Any CPU.Build.0 = Debug|Any CPU
		{DEF68588-8C1F-414B-987B-D5849E7BFF1A}.Debug|Any CPU.Deploy.0 = Debug|Any CPU
		{DEF68588-8C1F-414B-987B-D5849E7BFF1A}.Debug|ARM.ActiveCfg = Debug|Any CPU
		{DEF68588-8C1F-414B-987B-D5849E7BFF1A}.Debug|ARM.Build.0 = Debug|Any CPU
		{DEF68588-8C1F-414B-987B-D5849E7BFF1A}.Debug|ARM.Deploy.0 = Debug|Any CPU
		{DEF68588-8C1F-414B-987B-D5849E7BFF1A}.Debug|iPhone.ActiveCfg = Debug|Any CPU
		{DEF68588-8C1F-414B-987B-D5849E7BFF1A}.Debug|iPhone.Build.0 = Debug|Any CPU
		{DEF68588-8C1F-414B-987B-D5849E7BFF1A}.Debug|iPhone.Deploy.0 = Debug|Any CPU
		{DEF68588-8C1F-414B-987B-D5849E7BFF1A}.Debug|iPhoneSimulator.ActiveCfg = Debug|Any CPU
		{DEF68588-8C1F-414B-987B-D5849E7BFF1A}.Debug|iPhoneSimulator.Build.0 = Debug|Any CPU
		{DEF68588-8C1F-414B-987B-D5849E7BFF1A}.Debug|iPhoneSimulator.Deploy.0 = Debug|Any CPU
		{DEF68588-8C1F-414B-987B-D5849E7BFF1A}.Debug|x86.ActiveCfg = Debug|Any CPU
		{DEF68588-8C1F-414B-987B-D5849E7BFF1A}.Debug|x86.Build.0 = Debug|Any CPU
		{DEF68588-8C1F-414B-987B-D5849E7BFF1A}.Debug|x86.Deploy.0 = Debug|Any CPU
		{DEF68588-8C1F-414B-987B-D5849E7BFF1A}.Release|Any CPU.ActiveCfg = Release|Any CPU
		{DEF68588-8C1F-414B-987B-D5849E7BFF1A}.Release|Any CPU.Build.0 = Release|Any CPU
		{DEF68588-8C1F-414B-987B-D5849E7BFF1A}.Release|ARM.ActiveCfg = Release|Any CPU
		{DEF68588-8C1F-414B-987B-D5849E7BFF1A}.Release|ARM.Build.0 = Release|Any CPU
		{DEF68588-8C1F-414B-987B-D5849E7BFF1A}.Release|ARM.Deploy.0 = Release|Any CPU
		{DEF68588-8C1F-414B-987B-D5849E7BFF1A}.Release|iPhone.ActiveCfg = Release|Any CPU
		{DEF68588-8C1F-414B-987B-D5849E7BFF1A}.Release|iPhone.Build.0 = Release|Any CPU
		{DEF68588-8C1F-414B-987B-D5849E7BFF1A}.Release|iPhone.Deploy.0 = Release|Any CPU
		{DEF68588-8C1F-414B-987B-D5849E7BFF1A}.Release|iPhoneSimulator.ActiveCfg = Release|Any CPU
		{DEF68588-8C1F-414B-987B-D5849E7BFF1A}.Release|iPhoneSimulator.Build.0 = Release|Any CPU
		{DEF68588-8C1F-414B-987B-D5849E7BFF1A}.Release|iPhoneSimulator.Deploy.0 = Release|Any CPU
		{DEF68588-8C1F-414B-987B-D5849E7BFF1A}.Release|x86.ActiveCfg = Release|Any CPU
		{DEF68588-8C1F-414B-987B-D5849E7BFF1A}.Release|x86.Build.0 = Release|Any CPU
		{DEF68588-8C1F-414B-987B-D5849E7BFF1A}.Release|x86.Deploy.0 = Release|Any CPU
		{5C399078-CFDA-49B9-8E9D-A3B88C429C75}.AppStore|Any CPU.ActiveCfg = AppStore|iPhone
		{5C399078-CFDA-49B9-8E9D-A3B88C429C75}.AppStore|ARM.ActiveCfg = AppStore|iPhone
		{5C399078-CFDA-49B9-8E9D-A3B88C429C75}.AppStore|iPhone.ActiveCfg = AppStore|iPhone
		{5C399078-CFDA-49B9-8E9D-A3B88C429C75}.AppStore|iPhone.Build.0 = AppStore|iPhone
		{5C399078-CFDA-49B9-8E9D-A3B88C429C75}.AppStore|iPhoneSimulator.ActiveCfg = AppStore|iPhoneSimulator
		{5C399078-CFDA-49B9-8E9D-A3B88C429C75}.AppStore|iPhoneSimulator.Build.0 = AppStore|iPhoneSimulator
		{5C399078-CFDA-49B9-8E9D-A3B88C429C75}.AppStore|x86.ActiveCfg = AppStore|iPhone
		{5C399078-CFDA-49B9-8E9D-A3B88C429C75}.Debug|Any CPU.ActiveCfg = Debug|iPhone
		{5C399078-CFDA-49B9-8E9D-A3B88C429C75}.Debug|ARM.ActiveCfg = Debug|iPhone
		{5C399078-CFDA-49B9-8E9D-A3B88C429C75}.Debug|iPhone.ActiveCfg = Debug|iPhone
		{5C399078-CFDA-49B9-8E9D-A3B88C429C75}.Debug|iPhone.Build.0 = Debug|iPhone
		{5C399078-CFDA-49B9-8E9D-A3B88C429C75}.Debug|iPhoneSimulator.ActiveCfg = Debug|iPhoneSimulator
		{5C399078-CFDA-49B9-8E9D-A3B88C429C75}.Debug|iPhoneSimulator.Build.0 = Debug|iPhoneSimulator
		{5C399078-CFDA-49B9-8E9D-A3B88C429C75}.Debug|x86.ActiveCfg = Debug|iPhone
		{5C399078-CFDA-49B9-8E9D-A3B88C429C75}.Release|Any CPU.ActiveCfg = Release|iPhone
		{5C399078-CFDA-49B9-8E9D-A3B88C429C75}.Release|ARM.ActiveCfg = Release|iPhone
		{5C399078-CFDA-49B9-8E9D-A3B88C429C75}.Release|iPhone.ActiveCfg = Release|iPhone
		{5C399078-CFDA-49B9-8E9D-A3B88C429C75}.Release|iPhone.Build.0 = Release|iPhone
		{5C399078-CFDA-49B9-8E9D-A3B88C429C75}.Release|iPhoneSimulator.ActiveCfg = Release|iPhoneSimulator
		{5C399078-CFDA-49B9-8E9D-A3B88C429C75}.Release|iPhoneSimulator.Build.0 = Release|iPhoneSimulator
		{5C399078-CFDA-49B9-8E9D-A3B88C429C75}.Release|x86.ActiveCfg = Release|iPhone
		{F2901334-E8E9-4B86-9D6F-A911052D8ADB}.AppStore|Any CPU.ActiveCfg = Release|Any CPU
		{F2901334-E8E9-4B86-9D6F-A911052D8ADB}.AppStore|Any CPU.Build.0 = Release|Any CPU
		{F2901334-E8E9-4B86-9D6F-A911052D8ADB}.AppStore|Any CPU.Deploy.0 = Release|Any CPU
		{F2901334-E8E9-4B86-9D6F-A911052D8ADB}.AppStore|ARM.ActiveCfg = Release|ARM
		{F2901334-E8E9-4B86-9D6F-A911052D8ADB}.AppStore|ARM.Build.0 = Release|ARM
		{F2901334-E8E9-4B86-9D6F-A911052D8ADB}.AppStore|ARM.Deploy.0 = Release|ARM
		{F2901334-E8E9-4B86-9D6F-A911052D8ADB}.AppStore|iPhone.ActiveCfg = Release|Any CPU
		{F2901334-E8E9-4B86-9D6F-A911052D8ADB}.AppStore|iPhone.Build.0 = Release|Any CPU
		{F2901334-E8E9-4B86-9D6F-A911052D8ADB}.AppStore|iPhone.Deploy.0 = Release|Any CPU
		{F2901334-E8E9-4B86-9D6F-A911052D8ADB}.AppStore|iPhoneSimulator.ActiveCfg = Release|Any CPU
		{F2901334-E8E9-4B86-9D6F-A911052D8ADB}.AppStore|iPhoneSimulator.Build.0 = Release|Any CPU
		{F2901334-E8E9-4B86-9D6F-A911052D8ADB}.AppStore|iPhoneSimulator.Deploy.0 = Release|Any CPU
		{F2901334-E8E9-4B86-9D6F-A911052D8ADB}.AppStore|x86.ActiveCfg = Release|x86
		{F2901334-E8E9-4B86-9D6F-A911052D8ADB}.AppStore|x86.Build.0 = Release|x86
		{F2901334-E8E9-4B86-9D6F-A911052D8ADB}.AppStore|x86.Deploy.0 = Release|x86
		{F2901334-E8E9-4B86-9D6F-A911052D8ADB}.Debug|Any CPU.ActiveCfg = Debug|Any CPU
		{F2901334-E8E9-4B86-9D6F-A911052D8ADB}.Debug|ARM.ActiveCfg = Debug|ARM
		{F2901334-E8E9-4B86-9D6F-A911052D8ADB}.Debug|ARM.Build.0 = Debug|ARM
		{F2901334-E8E9-4B86-9D6F-A911052D8ADB}.Debug|ARM.Deploy.0 = Debug|ARM
		{F2901334-E8E9-4B86-9D6F-A911052D8ADB}.Debug|iPhone.ActiveCfg = Debug|Any CPU
		{F2901334-E8E9-4B86-9D6F-A911052D8ADB}.Debug|iPhone.Build.0 = Debug|Any CPU
		{F2901334-E8E9-4B86-9D6F-A911052D8ADB}.Debug|iPhone.Deploy.0 = Debug|Any CPU
		{F2901334-E8E9-4B86-9D6F-A911052D8ADB}.Debug|iPhoneSimulator.ActiveCfg = Debug|Any CPU
		{F2901334-E8E9-4B86-9D6F-A911052D8ADB}.Debug|iPhoneSimulator.Build.0 = Debug|Any CPU
		{F2901334-E8E9-4B86-9D6F-A911052D8ADB}.Debug|iPhoneSimulator.Deploy.0 = Debug|Any CPU
		{F2901334-E8E9-4B86-9D6F-A911052D8ADB}.Debug|x86.ActiveCfg = Debug|x86
		{F2901334-E8E9-4B86-9D6F-A911052D8ADB}.Debug|x86.Build.0 = Debug|x86
		{F2901334-E8E9-4B86-9D6F-A911052D8ADB}.Debug|x86.Deploy.0 = Debug|x86
		{F2901334-E8E9-4B86-9D6F-A911052D8ADB}.Release|Any CPU.ActiveCfg = Release|Any CPU
		{F2901334-E8E9-4B86-9D6F-A911052D8ADB}.Release|Any CPU.Build.0 = Release|Any CPU
		{F2901334-E8E9-4B86-9D6F-A911052D8ADB}.Release|Any CPU.Deploy.0 = Release|Any CPU
		{F2901334-E8E9-4B86-9D6F-A911052D8ADB}.Release|ARM.ActiveCfg = Release|ARM
		{F2901334-E8E9-4B86-9D6F-A911052D8ADB}.Release|ARM.Build.0 = Release|ARM
		{F2901334-E8E9-4B86-9D6F-A911052D8ADB}.Release|ARM.Deploy.0 = Release|ARM
		{F2901334-E8E9-4B86-9D6F-A911052D8ADB}.Release|iPhone.ActiveCfg = Release|Any CPU
		{F2901334-E8E9-4B86-9D6F-A911052D8ADB}.Release|iPhone.Build.0 = Release|Any CPU
		{F2901334-E8E9-4B86-9D6F-A911052D8ADB}.Release|iPhone.Deploy.0 = Release|Any CPU
		{F2901334-E8E9-4B86-9D6F-A911052D8ADB}.Release|iPhoneSimulator.ActiveCfg = Release|Any CPU
		{F2901334-E8E9-4B86-9D6F-A911052D8ADB}.Release|iPhoneSimulator.Build.0 = Release|Any CPU
		{F2901334-E8E9-4B86-9D6F-A911052D8ADB}.Release|iPhoneSimulator.Deploy.0 = Release|Any CPU
		{F2901334-E8E9-4B86-9D6F-A911052D8ADB}.Release|x86.ActiveCfg = Release|x86
		{F2901334-E8E9-4B86-9D6F-A911052D8ADB}.Release|x86.Build.0 = Release|x86
		{F2901334-E8E9-4B86-9D6F-A911052D8ADB}.Release|x86.Deploy.0 = Release|x86
		{96055BA5-B2AE-49A3-94DA-2AD87C1CADBE}.AppStore|Any CPU.ActiveCfg = Release|Any CPU
		{96055BA5-B2AE-49A3-94DA-2AD87C1CADBE}.AppStore|Any CPU.Build.0 = Release|Any CPU
		{96055BA5-B2AE-49A3-94DA-2AD87C1CADBE}.AppStore|ARM.ActiveCfg = Release|Any CPU
		{96055BA5-B2AE-49A3-94DA-2AD87C1CADBE}.AppStore|ARM.Build.0 = Release|Any CPU
		{96055BA5-B2AE-49A3-94DA-2AD87C1CADBE}.AppStore|iPhone.ActiveCfg = Release|Any CPU
		{96055BA5-B2AE-49A3-94DA-2AD87C1CADBE}.AppStore|iPhone.Build.0 = Release|Any CPU
		{96055BA5-B2AE-49A3-94DA-2AD87C1CADBE}.AppStore|iPhoneSimulator.ActiveCfg = Release|Any CPU
		{96055BA5-B2AE-49A3-94DA-2AD87C1CADBE}.AppStore|iPhoneSimulator.Build.0 = Release|Any CPU
		{96055BA5-B2AE-49A3-94DA-2AD87C1CADBE}.AppStore|x86.ActiveCfg = Release|Any CPU
		{96055BA5-B2AE-49A3-94DA-2AD87C1CADBE}.AppStore|x86.Build.0 = Release|Any CPU
		{96055BA5-B2AE-49A3-94DA-2AD87C1CADBE}.Debug|Any CPU.ActiveCfg = Debug|Any CPU
		{96055BA5-B2AE-49A3-94DA-2AD87C1CADBE}.Debug|Any CPU.Build.0 = Debug|Any CPU
		{96055BA5-B2AE-49A3-94DA-2AD87C1CADBE}.Debug|Any CPU.Deploy.0 = Debug|Any CPU
		{96055BA5-B2AE-49A3-94DA-2AD87C1CADBE}.Debug|ARM.ActiveCfg = Debug|Any CPU
		{96055BA5-B2AE-49A3-94DA-2AD87C1CADBE}.Debug|ARM.Build.0 = Debug|Any CPU
		{96055BA5-B2AE-49A3-94DA-2AD87C1CADBE}.Debug|iPhone.ActiveCfg = Debug|Any CPU
		{96055BA5-B2AE-49A3-94DA-2AD87C1CADBE}.Debug|iPhone.Build.0 = Debug|Any CPU
		{96055BA5-B2AE-49A3-94DA-2AD87C1CADBE}.Debug|iPhoneSimulator.ActiveCfg = Debug|Any CPU
		{96055BA5-B2AE-49A3-94DA-2AD87C1CADBE}.Debug|iPhoneSimulator.Build.0 = Debug|Any CPU
		{96055BA5-B2AE-49A3-94DA-2AD87C1CADBE}.Debug|x86.ActiveCfg = Debug|Any CPU
		{96055BA5-B2AE-49A3-94DA-2AD87C1CADBE}.Debug|x86.Build.0 = Debug|Any CPU
		{96055BA5-B2AE-49A3-94DA-2AD87C1CADBE}.Release|Any CPU.ActiveCfg = Release|Any CPU
		{96055BA5-B2AE-49A3-94DA-2AD87C1CADBE}.Release|Any CPU.Build.0 = Release|Any CPU
		{96055BA5-B2AE-49A3-94DA-2AD87C1CADBE}.Release|ARM.ActiveCfg = Release|Any CPU
		{96055BA5-B2AE-49A3-94DA-2AD87C1CADBE}.Release|ARM.Build.0 = Release|Any CPU
		{96055BA5-B2AE-49A3-94DA-2AD87C1CADBE}.Release|iPhone.ActiveCfg = Release|Any CPU
		{96055BA5-B2AE-49A3-94DA-2AD87C1CADBE}.Release|iPhone.Build.0 = Release|Any CPU
		{96055BA5-B2AE-49A3-94DA-2AD87C1CADBE}.Release|iPhoneSimulator.ActiveCfg = Release|Any CPU
		{96055BA5-B2AE-49A3-94DA-2AD87C1CADBE}.Release|iPhoneSimulator.Build.0 = Release|Any CPU
		{96055BA5-B2AE-49A3-94DA-2AD87C1CADBE}.Release|x86.ActiveCfg = Release|Any CPU
		{96055BA5-B2AE-49A3-94DA-2AD87C1CADBE}.Release|x86.Build.0 = Release|Any CPU
	EndGlobalSection
	GlobalSection(SolutionProperties) = preSolution
		HideSolutionNode = FALSE
	EndGlobalSection
EndGlobal
